
Microsoft Visual Studio Solution File, Format Version 12.00
# Visual Studio Version 16
VisualStudioVersion = 16.0.31624.102
MinimumVisualStudioVersion = 10.0.40219.1
Project("{9A19103F-16F7-4668-BE54-9A1E7A4F7556}") = "CsharpBot", "CsharpBot.csproj", "{FAF5DDE6-7903-4F73-9A6C-A5CBDBB4D2F2}"
EndProject
Project("{FAE04EC0-301F-11D3-BF4B-00C04F79EFBC}") = "HelloBot", "..\HelloBot\HelloBot.csproj", "{5513E390-2795-499C-BF9C-B7BCAF06AFB2}"
EndProject
Global
	GlobalSection(SolutionConfigurationPlatforms) = preSolution
		Debug|Any CPU = Debug|Any CPU
		Release|Any CPU = Release|Any CPU
	EndGlobalSection
	GlobalSection(ProjectConfigurationPlatforms) = postSolution
		{FAF5DDE6-7903-4F73-9A6C-A5CBDBB4D2F2}.Debug|Any CPU.ActiveCfg = Debug|Any CPU
		{FAF5DDE6-7903-4F73-9A6C-A5CBDBB4D2F2}.Debug|Any CPU.Build.0 = Debug|Any CPU
		{FAF5DDE6-7903-4F73-9A6C-A5CBDBB4D2F2}.Release|Any CPU.ActiveCfg = Release|Any CPU
		{FAF5DDE6-7903-4F73-9A6C-A5CBDBB4D2F2}.Release|Any CPU.Build.0 = Release|Any CPU
		{5513E390-2795-499C-BF9C-B7BCAF06AFB2}.Debug|Any CPU.ActiveCfg = Debug|Any CPU
		{5513E390-2795-499C-BF9C-B7BCAF06AFB2}.Debug|Any CPU.Build.0 = Debug|Any CPU
		{5513E390-2795-499C-BF9C-B7BCAF06AFB2}.Release|Any CPU.ActiveCfg = Release|Any CPU
		{5513E390-2795-499C-BF9C-B7BCAF06AFB2}.Release|Any CPU.Build.0 = Release|Any CPU
	EndGlobalSection
	GlobalSection(SolutionProperties) = preSolution
		HideSolutionNode = FALSE
	EndGlobalSection
	GlobalSection(ExtensibilityGlobals) = postSolution
		SolutionGuid = {C702500E-7556-466E-AE2A-8FDC5EBD3093}
	EndGlobalSection
EndGlobal
