
Microsoft Visual Studio Solution File, Format Version 12.00
# Visual Studio Version 16
VisualStudioVersion = 16.0.31624.102
MinimumVisualStudioVersion = 10.0.40219.1
Project("{9A19103F-16F7-4668-BE54-9A1E7A4F7556}") = "CsharpBot", "CsharpBot.csproj", "{FAF5DDE6-7903-4F73-9A6C-A5CBDBB4D2F2}"
EndProject
Project("{FAE04EC0-301F-11D3-BF4B-00C04F79EFBC}") = "MarioMaker", "..\example\MarioMaker\MarioMaker.csproj", "{88C7F7F3-E7DB-471C-BEE1-449FC65A3E8E}"
EndProject
Project("{9A19103F-16F7-4668-BE54-9A1E7A4F7556}") = "HelloBot", "..\example\HelloBot\HelloBot.csproj", "{A871D5BC-2E80-43B3-802C-CF8AECEDBD22}"
EndProject
Global
	GlobalSection(SolutionConfigurationPlatforms) = preSolution
		Debug|Any CPU = Debug|Any CPU
		Release|Any CPU = Release|Any CPU
	EndGlobalSection
	GlobalSection(ProjectConfigurationPlatforms) = postSolution
		{FAF5DDE6-7903-4F73-9A6C-A5CBDBB4D2F2}.Debug|Any CPU.ActiveCfg = Debug|Any CPU
		{FAF5DDE6-7903-4F73-9A6C-A5CBDBB4D2F2}.Debug|Any CPU.Build.0 = Debug|Any CPU
		{FAF5DDE6-7903-4F73-9A6C-A5CBDBB4D2F2}.Release|Any CPU.ActiveCfg = Release|Any CPU
		{FAF5DDE6-7903-4F73-9A6C-A5CBDBB4D2F2}.Release|Any CPU.Build.0 = Release|Any CPU
		{88C7F7F3-E7DB-471C-BEE1-449FC65A3E8E}.Debug|Any CPU.ActiveCfg = Debug|Any CPU
		{88C7F7F3-E7DB-471C-BEE1-449FC65A3E8E}.Debug|Any CPU.Build.0 = Debug|Any CPU
		{88C7F7F3-E7DB-471C-BEE1-449FC65A3E8E}.Release|Any CPU.ActiveCfg = Release|Any CPU
		{88C7F7F3-E7DB-471C-BEE1-449FC65A3E8E}.Release|Any CPU.Build.0 = Release|Any CPU
		{A871D5BC-2E80-43B3-802C-CF8AECEDBD22}.Debug|Any CPU.ActiveCfg = Debug|Any CPU
		{A871D5BC-2E80-43B3-802C-CF8AECEDBD22}.Debug|Any CPU.Build.0 = Debug|Any CPU
		{A871D5BC-2E80-43B3-802C-CF8AECEDBD22}.Release|Any CPU.ActiveCfg = Release|Any CPU
		{A871D5BC-2E80-43B3-802C-CF8AECEDBD22}.Release|Any CPU.Build.0 = Release|Any CPU
	EndGlobalSection
	GlobalSection(SolutionProperties) = preSolution
		HideSolutionNode = FALSE
	EndGlobalSection
	GlobalSection(ExtensibilityGlobals) = postSolution
		SolutionGuid = {C702500E-7556-466E-AE2A-8FDC5EBD3093}
	EndGlobalSection
EndGlobal
